{
  "name": "@kungfu-tech/agent-hub-demo",
  "version": "0.1.0-alpha.0",
  "lockfileVersion": 3,
  "requires": true,
  "packages": {
    "": {
      "name": "@kungfu-tech/agent-hub-demo",
      "version": "0.1.0-alpha.0",
      "license": "Apache-2.0",
      "dependencies": {
        "@kungfu-tech/kfd": "1.0.0-alpha.41"
      },
      "engines": {
        "node": ">=22"
      }
    },
    "node_modules/@kungfu-tech/kfd": {
      "version": "1.0.0-alpha.41",
      "resolved": "https://registry.npmjs.org/@kungfu-tech/kfd/-/kfd-1.0.0-alpha.41.tgz",
      "integrity": "sha512-e+iIuvsijDLSFotb3gPKqwn649lLGRX3xEWOwn7xfBeu8L8kvw5RPRznJ4xKVM+NYCrfYCRVmUzpJI58k97C+Q==",
      "license": "Apache-2.0",
      "bin": {
        "kfd": "bin/kfd.mjs"
      }
    }
  }
}
