{
  "name": "@kungfu-tech/agent-hub-demo",
  "version": "0.1.0-alpha.0",
  "lockfileVersion": 3,
  "requires": true,
  "packages": {
    "": {
      "name": "@kungfu-tech/agent-hub-demo",
      "version": "0.1.0-alpha.0",
      "license": "Apache-2.0",
      "dependencies": {
        "@kungfu-tech/kfd": "1.0.0-alpha.40"
      },
      "engines": {
        "node": ">=22"
      }
    },
    "node_modules/@kungfu-tech/kfd": {
      "version": "1.0.0-alpha.40",
      "resolved": "https://registry.npmjs.org/@kungfu-tech/kfd/-/kfd-1.0.0-alpha.40.tgz",
      "integrity": "sha512-+15RLXm8wi4Tbd33bv1gHBsqsPtaGvSpRceZMeQ/DOLUGItLsg8L1uD64DZ0Osrs53WfJIY6Aa/kzaMtbPQ3DA==",
      "license": "Apache-2.0",
      "bin": {
        "kfd": "bin/kfd.mjs"
      }
    }
  }
}
